// !$*UTF8*$!
{
	archiveVersion = 1;
	classes = {
	};
	objectVersion = 50;
	objects = {

/* Begin PBXBuildFile section */
		B6A5FACA2565B93200A9CF57 /* AppDelegate.swift in Sources */ = {isa = PBXBuildFile; fileRef = B6A5FAC92565B93200A9CF57 /* AppDelegate.swift */; };
		B6A5FACC2565B93200A9CF57 /* SceneDelegate.swift in Sources */ = {isa = PBXBuildFile; fileRef = B6A5FACB2565B93200A9CF57 /* SceneDelegate.swift */; };
		B6A5FACE2565B93200A9CF57 /* ViewController.swift in Sources */ = {isa = PBXBuildFile; fileRef = B6A5FACD2565B93200A9CF57 /* ViewController.swift */; };
		B6A5FAD12565B93200A9CF57 /* Main.storyboard in Resources */ = {isa = PBXBuildFile; fileRef = B6A5FACF2565B93200A9CF57 /* Main.storyboard */; };
		B6A5FAD32565B93400A9CF57 /* Assets.xcassets in Resources */ = {isa = PBXBuildFile; fileRef = B6A5FAD22565B93400A9CF57 /* Assets.xcassets */; };
		B6A5FAD62565B93400A9CF57 /* LaunchScreen.storyboard in Resources */ = {isa = PBXBuildFile; fileRef = B6A5FAD42565B93400A9CF57 /* LaunchScreen.storyboard */; };
		B6A5FAE12565B93500A9CF57 /* CommissionTests.swift in Sources */ = {isa = PBXBuildFile; fileRef = B6A5FAE02565B93500A9CF57 /* CommissionTests.swift */; };
		B6A5FAEC2565B93500A9CF57 /* CommissionUITests.swift in Sources */ = {isa = PBXBuildFile; fileRef = B6A5FAEB2565B93500A9CF57 /* CommissionUITests.swift */; };
/* End PBXBuildFile section */

/* Begin PBXContainerItemProxy section */
		B6A5FADD2565B93500A9CF57 /* PBXContainerItemProxy */ = {
			isa = PBXContainerItemProxy;
			containerPortal = B6A5FABE2565B93100A9CF57 /* Project object */;
			proxyType = 1;
			remoteGlobalIDString = B6A5FAC52565B93100A9CF57;
			remoteInfo = Commission;
		};
		B6A5FAE82565B93500A9CF57 /* PBXContainerItemProxy */ = {
			isa = PBXContainerItemProxy;
			containerPortal = B6A5FABE2565B93100A9CF57 /* Project object */;
			proxyType = 1;
			remoteGlobalIDString = B6A5FAC52565B93100A9CF57;
			remoteInfo = Commission;
		};
/* End PBXContainerItemProxy section */

/* Begin PBXFileReference section */
		B6A5FAC62565B93200A9CF57 /* Commission.app */ = {isa = PBXFileReference; explicitFileType = wrapper.application; includeInIndex = 0; path = Commission.app; sourceTree = BUILT_PRODUCTS_DIR; };
		B6A5FAC92565B93200A9CF57 /* AppDelegate.swift */ = {isa = PBXFileReference; lastKnownFileType = sourcecode.swift; path = AppDelegate.swift; sourceTree = "<group>"; };
		B6A5FACB2565B93200A9CF57 /* SceneDelegate.swift */ = {isa = PBXFileReference; lastKnownFileType = sourcecode.swift; path = SceneDelegate.swift; sourceTree = "<group>"; };
		B6A5FACD2565B93200A9CF57 /* ViewController.swift */ = {isa = PBXFileReference; lastKnownFileType = sourcecode.swift; path = ViewController.swift; sourceTree = "<group>"; };
		B6A5FAD02565B93200A9CF57 /* Base */ = {isa = PBXFileReference; lastKnownFileType = file.storyboard; name = Base; path = Base.lproj/Main.storyboard; sourceTree = "<group>"; };
		B6A5FAD22565B93400A9CF57 /* Assets.xcassets */ = {isa = PBXFileReference; lastKnownFileType = folder.assetcatalog; path = Assets.xcassets; sourceTree = "<group>"; };
		B6A5FAD52565B93400A9CF57 /* Base */ = {isa = PBXFileReference; lastKnownFileType = file.storyboard; name = Base; path = Base.lproj/LaunchScreen.storyboard; sourceTree = "<group>"; };
		B6A5FAD72565B93400A9CF57 /* Info.plist */ = {isa = PBXFileReference; lastKnownFileType = text.plist.xml; path = Info.plist; sourceTree = "<group>"; };
		B6A5FADC2565B93500A9CF57 /* CommissionTests.xctest */ = {isa = PBXFileReference; explicitFileType = wrapper.cfbundle; includeInIndex = 0; path = CommissionTests.xctest; sourceTree = BUILT_PRODUCTS_DIR; };
		B6A5FAE02565B93500A9CF57 /* CommissionTests.swift */ = {isa = PBXFileReference; lastKnownFileType = sourcecode.swift; path = CommissionTests.swift; sourceTree = "<group>"; };
		B6A5FAE22565B93500A9CF57 /* Info.plist */ = {isa = PBXFileReference; lastKnownFileType = text.plist.xml; path = Info.plist; sourceTree = "<group>"; };
		B6A5FAE72565B93500A9CF57 /* CommissionUITests.xctest */ = {isa = PBXFileReference; explicitFileType = wrapper.cfbundle; includeInIndex = 0; path = CommissionUITests.xctest; sourceTree = BUILT_PRODUCTS_DIR; };
		B6A5FAEB2565B93500A9CF57 /* CommissionUITests.swift */ = {isa = PBXFileReference; lastKnownFileType = sourcecode.swift; path = CommissionUITests.swift; sourceTree = "<group>"; };
		B6A5FAED2565B93500A9CF57 /* Info.plist */ = {isa = PBXFileReference; lastKnownFileType = text.plist.xml; path = Info.plist; sourceTree = "<group>"; };
/* End PBXFileReference section */

/* Begin PBXFrameworksBuildPhase section */
		B6A5FAC32565B93100A9CF57 /* Frameworks */ = {
			isa = PBXFrameworksBuildPhase;
			buildActionMask = 2147483647;
			files = (
			);
			runOnlyForDeploymentPostprocessing = 0;
		};
		B6A5FAD92565B93500A9CF57 /* Frameworks */ = {
			isa = PBXFrameworksBuildPhase;
			buildActionMask = 2147483647;
			files = (
			);
			runOnlyForDeploymentPostprocessing = 0;
		};
		B6A5FAE42565B93500A9CF57 /* Frameworks */ = {
			isa = PBXFrameworksBuildPhase;
			buildActionMask = 2147483647;
			files = (
			);
			runOnlyForDeploymentPostprocessing = 0;
		};
/* End PBXFrameworksBuildPhase section */

/* Begin PBXGroup section */
		B6A5FABD2565B93100A9CF57 = {
			isa = PBXGroup;
			children = (
				B6A5FAC82565B93200A9CF57 /* Commission */,
				B6A5FADF2565B93500A9CF57 /* CommissionTests */,
				B6A5FAEA2565B93500A9CF57 /* CommissionUITests */,
				B6A5FAC72565B93200A9CF57 /* Products */,
			);
			sourceTree = "<group>";
		};
		B6A5FAC72565B93200A9CF57 /* Products */ = {
			isa = PBXGroup;
			children = (
				B6A5FAC62565B93200A9CF57 /* Commission.app */,
				B6A5FADC2565B93500A9CF57 /* CommissionTests.xctest */,
				B6A5FAE72565B93500A9CF57 /* CommissionUITests.xctest */,
			);
			name = Products;
			sourceTree = "<group>";
		};
		B6A5FAC82565B93200A9CF57 /* Commission */ = {
			isa = PBXGroup;
			children = (
				B6A5FAC92565B93200A9CF57 /* AppDelegate.swift */,
				B6A5FACB2565B93200A9CF57 /* SceneDelegate.swift */,
				B6A5FACD2565B93200A9CF57 /* ViewController.swift */,
				B6A5FACF2565B93200A9CF57 /* Main.storyboard */,
				B6A5FAD22565B93400A9CF57 /* Assets.xcassets */,
				B6A5FAD42565B93400A9CF57 /* LaunchScreen.storyboard */,
				B6A5FAD72565B93400A9CF57 /* Info.plist */,
			);
			path = Commission;
			sourceTree = "<group>";
		};
		B6A5FADF2565B93500A9CF57 /* CommissionTests */ = {
			isa = PBXGroup;
			children = (
				B6A5FAE02565B93500A9CF57 /* CommissionTests.swift */,
				B6A5FAE22565B93500A9CF57 /* Info.plist */,
			);
			path = CommissionTests;
			sourceTree = "<group>";
		};
		B6A5FAEA2565B93500A9CF57 /* CommissionUITests */ = {
			isa = PBXGroup;
			children = (
				B6A5FAEB2565B93500A9CF57 /* CommissionUITests.swift */,
				B6A5FAED2565B93500A9CF57 /* Info.plist */,
			);
			path = CommissionUITests;
			sourceTree = "<group>";
		};
/* End PBXGroup section */

/* Begin PBXNativeTarget section */
		B6A5FAC52565B93100A9CF57 /* Commission */ = {
			isa = PBXNativeTarget;
			buildConfigurationList = B6A5FAF02565B93500A9CF57 /* Build configuration list for PBXNativeTarget "Commission" */;
			buildPhases = (
				B6A5FAC22565B93100A9CF57 /* Sources */,
				B6A5FAC32565B93100A9CF57 /* Frameworks */,
				B6A5FAC42565B93100A9CF57 /* Resources */,
			);
			buildRules = (
			);
			dependencies = (
			);
			name = Commission;
			productName = Commission;
			productReference = B6A5FAC62565B93200A9CF57 /* Commission.app */;
			productType = "com.apple.product-type.application";
		};
		B6A5FADB2565B93500A9CF57 /* CommissionTests */ = {
			isa = PBXNativeTarget;
			buildConfigurationList = B6A5FAF32565B93500A9CF57 /* Build configuration list for PBXNativeTarget "CommissionTests" */;
			buildPhases = (
				B6A5FAD82565B93500A9CF57 /* Sources */,
				B6A5FAD92565B93500A9CF57 /* Frameworks */,
				B6A5FADA2565B93500A9CF57 /* Resources */,
			);
			buildRules = (
			);
			dependencies = (
				B6A5FADE2565B93500A9CF57 /* PBXTargetDependency */,
			);
			name = CommissionTests;
			productName = CommissionTests;
			productReference = B6A5FADC2565B93500A9CF57 /* CommissionTests.xctest */;
			productType = "com.apple.product-type.bundle.unit-test";
		};
		B6A5FAE62565B93500A9CF57 /* CommissionUITests */ = {
			isa = PBXNativeTarget;
			buildConfigurationList = B6A5FAF62565B93500A9CF57 /* Build configuration list for PBXNativeTarget "CommissionUITests" */;
			buildPhases = (
				B6A5FAE32565B93500A9CF57 /* Sources */,
				B6A5FAE42565B93500A9CF57 /* Frameworks */,
				B6A5FAE52565B93500A9CF57 /* Resources */,
			);
			buildRules = (
			);
			dependencies = (
				B6A5FAE92565B93500A9CF57 /* PBXTargetDependency */,
			);
			name = CommissionUITests;
			productName = CommissionUITests;
			productReference = B6A5FAE72565B93500A9CF57 /* CommissionUITests.xctest */;
			productType = "com.apple.product-type.bundle.ui-testing";
		};
/* End PBXNativeTarget section */

/* Begin PBXProject section */
		B6A5FABE2565B93100A9CF57 /* Project object */ = {
			isa = PBXProject;
			attributes = {
				LastSwiftUpdateCheck = 1130;
				LastUpgradeCheck = 1130;
				ORGANIZATIONNAME = "Andrew Nowak";
				TargetAttributes = {
					B6A5FAC52565B93100A9CF57 = {
						CreatedOnToolsVersion = 11.3.1;
					};
					B6A5FADB2565B93500A9CF57 = {
						CreatedOnToolsVersion = 11.3.1;
						TestTargetID = B6A5FAC52565B93100A9CF57;
					};
					B6A5FAE62565B93500A9CF57 = {
						CreatedOnToolsVersion = 11.3.1;
						TestTargetID = B6A5FAC52565B93100A9CF57;
					};
				};
			};
			buildConfigurationList = B6A5FAC12565B93100A9CF57 /* Build configuration list for PBXProject "Commission" */;
			compatibilityVersion = "Xcode 9.3";
			developmentRegion = en;
			hasScannedForEncodings = 0;
			knownRegions = (
				en,
				Base,
			);
			mainGroup = B6A5FABD2565B93100A9CF57;
			productRefGroup = B6A5FAC72565B93200A9CF57 /* Products */;
			projectDirPath = "";
			projectRoot = "";
			targets = (
				B6A5FAC52565B93100A9CF57 /* Commission */,
				B6A5FADB2565B93500A9CF57 /* CommissionTests */,
				B6A5FAE62565B93500A9CF57 /* CommissionUITests */,
			);
		};
/* End PBXProject section */

/* Begin PBXResourcesBuildPhase section */
		B6A5FAC42565B93100A9CF57 /* Resources */ = {
			isa = PBXResourcesBuildPhase;
			buildActionMask = 2147483647;
			files = (
				B6A5FAD62565B93400A9CF57 /* LaunchScreen.storyboard in Resources */,
				B6A5FAD32565B93400A9CF57 /* Assets.xcassets in Resources */,
				B6A5FAD12565B93200A9CF57 /* Main.storyboard in Resources */,
			);
			runOnlyForDeploymentPostprocessing = 0;
		};
		B6A5FADA2565B93500A9CF57 /* Resources */ = {
			isa = PBXResourcesBuildPhase;
			buildActionMask = 2147483647;
			files = (
			);
			runOnlyForDeploymentPostprocessing = 0;
		};
		B6A5FAE52565B93500A9CF57 /* Resources */ = {
			isa = PBXResourcesBuildPhase;
			buildActionMask = 2147483647;
			files = (
			);
			runOnlyForDeploymentPostprocessing = 0;
		};
/* End PBXResourcesBuildPhase section */

/* Begin PBXSourcesBuildPhase section */
		B6A5FAC22565B93100A9CF57 /* Sources */ = {
			isa = PBXSourcesBuildPhase;
			buildActionMask = 2147483647;
			files = (
				B6A5FACE2565B93200A9CF57 /* ViewController.swift in Sources */,
				B6A5FACA2565B93200A9CF57 /* AppDelegate.swift in Sources */,
				B6A5FACC2565B93200A9CF57 /* SceneDelegate.swift in Sources */,
			);
			runOnlyForDeploymentPostprocessing = 0;
		};
		B6A5FAD82565B93500A9CF57 /* Sources */ = {
			isa = PBXSourcesBuildPhase;
			buildActionMask = 2147483647;
			files = (
				B6A5FAE12565B93500A9CF57 /* CommissionTests.swift in Sources */,
			);
			runOnlyForDeploymentPostprocessing = 0;
		};
		B6A5FAE32565B93500A9CF57 /* Sources */ = {
			isa = PBXSourcesBuildPhase;
			buildActionMask = 2147483647;
			files = (
				B6A5FAEC2565B93500A9CF57 /* CommissionUITests.swift in Sources */,
			);
			runOnlyForDeploymentPostprocessing = 0;
		};
/* End PBXSourcesBuildPhase section */

/* Begin PBXTargetDependency section */
		B6A5FADE2565B93500A9CF57 /* PBXTargetDependency */ = {
			isa = PBXTargetDependency;
			target = B6A5FAC52565B93100A9CF57 /* Commission */;
			targetProxy = B6A5FADD2565B93500A9CF57 /* PBXContainerItemProxy */;
		};
		B6A5FAE92565B93500A9CF57 /* PBXTargetDependency */ = {
			isa = PBXTargetDependency;
			target = B6A5FAC52565B93100A9CF57 /* Commission */;
			targetProxy = B6A5FAE82565B93500A9CF57 /* PBXContainerItemProxy */;
		};
/* End PBXTargetDependency section */

/* Begin PBXVariantGroup section */
		B6A5FACF2565B93200A9CF57 /* Main.storyboard */ = {
			isa = PBXVariantGroup;
			children = (
				B6A5FAD02565B93200A9CF57 /* Base */,
			);
			name = Main.storyboard;
			sourceTree = "<group>";
		};
		B6A5FAD42565B93400A9CF57 /* LaunchScreen.storyboard */ = {
			isa = PBXVariantGroup;
			children = (
				B6A5FAD52565B93400A9CF57 /* Base */,
			);
			name = LaunchScreen.storyboard;
			sourceTree = "<group>";
		};
/* End PBXVariantGroup section */

/* Begin XCBuildConfiguration section */
		B6A5FAEE2565B93500A9CF57 /* Debug */ = {
			isa = XCBuildConfiguration;
			buildSettings = {
				ALWAYS_SEARCH_USER_PATHS = NO;
				CLANG_ANALYZER_NONNULL = YES;
				CLANG_ANALYZER_NUMBER_OBJECT_CONVERSION = YES_AGGRESSIVE;
				CLANG_CXX_LANGUAGE_STANDARD = "gnu++14";
				CLANG_CXX_LIBRARY = "libc++";
				CLANG_ENABLE_MODULES = YES;
				CLANG_ENABLE_OBJC_ARC = YES;
				CLANG_ENABLE_OBJC_WEAK = YES;
				CLANG_WARN_BLOCK_CAPTURE_AUTORELEASING = YES;
				CLANG_WARN_BOOL_CONVERSION = YES;
				CLANG_WARN_COMMA = YES;
				CLANG_WARN_CONSTANT_CONVERSION = YES;
				CLANG_WARN_DEPRECATED_OBJC_IMPLEMENTATIONS = YES;
				CLANG_WARN_DIRECT_OBJC_ISA_USAGE = YES_ERROR;
				CLANG_WARN_DOCUMENTATION_COMMENTS = YES;
				CLANG_WARN_EMPTY_BODY = YES;
				CLANG_WARN_ENUM_CONVERSION = YES;
				CLANG_WARN_INFINITE_RECURSION = YES;
				CLANG_WARN_INT_CONVERSION = YES;
				CLANG_WARN_NON_LITERAL_NULL_CONVERSION = YES;
				CLANG_WARN_OBJC_IMPLICIT_RETAIN_SELF = YES;
				CLANG_WARN_OBJC_LITERAL_CONVERSION = YES;
				CLANG_WARN_OBJC_ROOT_CLASS = YES_ERROR;
				CLANG_WARN_RANGE_LOOP_ANALYSIS = YES;
				CLANG_WARN_STRICT_PROTOTYPES = YES;
				CLANG_WARN_SUSPICIOUS_MOVE = YES;
				CLANG_WARN_UNGUARDED_AVAILABILITY = YES_AGGRESSIVE;
				CLANG_WARN_UNREACHABLE_CODE = YES;
				CLANG_WARN__DUPLICATE_METHOD_MATCH = YES;
				COPY_PHASE_STRIP = NO;
				DEBUG_INFORMATION_FORMAT = dwarf;
				ENABLE_STRICT_OBJC_MSGSEND = YES;
				ENABLE_TESTABILITY = YES;
				GCC_C_LANGUAGE_STANDARD = gnu11;
				GCC_DYNAMIC_NO_PIC = NO;
				GCC_NO_COMMON_BLOCKS = YES;
				GCC_OPTIMIZATION_LEVEL = 0;
				GCC_PREPROCESSOR_DEFINITIONS = (
					"DEBUG=1",
					"$(inherited)",
				);
				GCC_WARN_64_TO_32_BIT_CONVERSION = YES;
				GCC_WARN_ABOUT_RETURN_TYPE = YES_ERROR;
				GCC_WARN_UNDECLARED_SELECTOR = YES;
				GCC_WARN_UNINITIALIZED_AUTOS = YES_AGGRESSIVE;
				GCC_WARN_UNUSED_FUNCTION = YES;
				GCC_WARN_UNUSED_VARIABLE = YES;
				IPHONEOS_DEPLOYMENT_TARGET = 13.2;
				MTL_ENABLE_DEBUG_INFO = INCLUDE_SOURCE;
				MTL_FAST_MATH = YES;
				ONLY_ACTIVE_ARCH = YES;
				SDKROOT = iphoneos;
				SWIFT_ACTIVE_COMPILATION_CONDITIONS = DEBUG;
				SWIFT_OPTIMIZATION_LEVEL = "-Onone";
			};
			name = Debug;
		};
		B6A5FAEF2565B93500A9CF57 /* Release */ = {
			isa = XCBuildConfiguration;
			buildSettings = {
				ALWAYS_SEARCH_USER_PATHS = NO;
				CLANG_ANALYZER_NONNULL = YES;
				CLANG_ANALYZER_NUMBER_OBJECT_CONVERSION = YES_AGGRESSIVE;
				CLANG_CXX_LANGUAGE_STANDARD = "gnu++14";
				CLANG_CXX_LIBRARY = "libc++";
				CLANG_ENABLE_MODULES = YES;
				CLANG_ENABLE_OBJC_ARC = YES;
				CLANG_ENABLE_OBJC_WEAK = YES;
				CLANG_WARN_BLOCK_CAPTURE_AUTORELEASING = YES;
				CLANG_WARN_BOOL_CONVERSION = YES;
				CLANG_WARN_COMMA = YES;
				CLANG_WARN_CONSTANT_CONVERSION = YES;
				CLANG_WARN_DEPRECATED_OBJC_IMPLEMENTATIONS = YES;
				CLANG_WARN_DIRECT_OBJC_ISA_USAGE = YES_ERROR;
				CLANG_WARN_DOCUMENTATION_COMMENTS = YES;
				CLANG_WARN_EMPTY_BODY = YES;
				CLANG_WARN_ENUM_CONVERSION = YES;
				CLANG_WARN_INFINITE_RECURSION = YES;
				CLANG_WARN_INT_CONVERSION = YES;
				CLANG_WARN_NON_LITERAL_NULL_CONVERSION = YES;
				CLANG_WARN_OBJC_IMPLICIT_RETAIN_SELF = YES;
				CLANG_WARN_OBJC_LITERAL_CONVERSION = YES;
				CLANG_WARN_OBJC_ROOT_CLASS = YES_ERROR;
				CLANG_WARN_RANGE_LOOP_ANALYSIS = YES;
				CLANG_WARN_STRICT_PROTOTYPES = YES;
				CLANG_WARN_SUSPICIOUS_MOVE = YES;
				CLANG_WARN_UNGUARDED_AVAILABILITY = YES_AGGRESSIVE;
				CLANG_WARN_UNREACHABLE_CODE = YES;
				CLANG_WARN__DUPLICATE_METHOD_MATCH = YES;
				COPY_PHASE_STRIP = NO;
				DEBUG_INFORMATION_FORMAT = "dwarf-with-dsym";
				ENABLE_NS_ASSERTIONS = NO;
				ENABLE_STRICT_OBJC_MSGSEND = YES;
				GCC_C_LANGUAGE_STANDARD = gnu11;
				GCC_NO_COMMON_BLOCKS = YES;
				GCC_WARN_64_TO_32_BIT_CONVERSION = YES;
				GCC_WARN_ABOUT_RETURN_TYPE = YES_ERROR;
				GCC_WARN_UNDECLARED_SELECTOR = YES;
				GCC_WARN_UNINITIALIZED_AUTOS = YES_AGGRESSIVE;
				GCC_WARN_UNUSED_FUNCTION = YES;
				GCC_WARN_UNUSED_VARIABLE = YES;
				IPHONEOS_DEPLOYMENT_TARGET = 13.2;
				MTL_ENABLE_DEBUG_INFO = NO;
				MTL_FAST_MATH = YES;
				SDKROOT = iphoneos;
				SWIFT_COMPILATION_MODE = wholemodule;
				SWIFT_OPTIMIZATION_LEVEL = "-O";
				VALIDATE_PRODUCT = YES;
			};
			name = Release;
		};
		B6A5FAF12565B93500A9CF57 /* Debug */ = {
			isa = XCBuildConfiguration;
			buildSettings = {
				ASSETCATALOG_COMPILER_APPICON_NAME = AppIcon;
				CODE_SIGN_STYLE = Automatic;
				INFOPLIST_FILE = Commission/Info.plist;
				LD_RUNPATH_SEARCH_PATHS = (
					"$(inherited)",
					"@executable_path/Frameworks",
				);
				PRODUCT_BUNDLE_IDENTIFIER = "org.anowak4320-stu.Commission";
				PRODUCT_NAME = "$(TARGET_NAME)";
				SWIFT_VERSION = 5.0;
				TARGETED_DEVICE_FAMILY = "1,2";
			};
			name = Debug;
		};
		B6A5FAF22565B93500A9CF57 /* Release */ = {
			isa = XCBuildConfiguration;
			buildSettings = {
				ASSETCATALOG_COMPILER_APPICON_NAME = AppIcon;
				CODE_SIGN_STYLE = Automatic;
				INFOPLIST_FILE = Commission/Info.plist;
				LD_RUNPATH_SEARCH_PATHS = (
					"$(inherited)",
					"@executable_path/Frameworks",
				);
				PRODUCT_BUNDLE_IDENTIFIER = "org.anowak4320-stu.Commission";
				PRODUCT_NAME = "$(TARGET_NAME)";
				SWIFT_VERSION = 5.0;
				TARGETED_DEVICE_FAMILY = "1,2";
			};
			name = Release;
		};
		B6A5FAF42565B93500A9CF57 /* Debug */ = {
			isa = XCBuildConfiguration;
			buildSettings = {
				ALWAYS_EMBED_SWIFT_STANDARD_LIBRARIES = YES;
				BUNDLE_LOADER = "$(TEST_HOST)";
				CODE_SIGN_STYLE = Automatic;
				INFOPLIST_FILE = CommissionTests/Info.plist;
				IPHONEOS_DEPLOYMENT_TARGET = 13.2;
				LD_RUNPATH_SEARCH_PATHS = (
					"$(inherited)",
					"@executable_path/Frameworks",
					"@loader_path/Frameworks",
				);
				PRODUCT_BUNDLE_IDENTIFIER = "org.anowak4320-stu.CommissionTests";
				PRODUCT_NAME = "$(TARGET_NAME)";
				SWIFT_VERSION = 5.0;
				TARGETED_DEVICE_FAMILY = "1,2";
				TEST_HOST = "$(BUILT_PRODUCTS_DIR)/Commission.app/Commission";
			};
			name = Debug;
		};
		B6A5FAF52565B93500A9CF57 /* Release */ = {
			isa = XCBuildConfiguration;
			buildSettings = {
				ALWAYS_EMBED_SWIFT_STANDARD_LIBRARIES = YES;
				BUNDLE_LOADER = "$(TEST_HOST)";
				CODE_SIGN_STYLE = Automatic;
				INFOPLIST_FILE = CommissionTests/Info.plist;
				IPHONEOS_DEPLOYMENT_TARGET = 13.2;
				LD_RUNPATH_SEARCH_PATHS = (
					"$(inherited)",
					"@executable_path/Frameworks",
					"@loader_path/Frameworks",
				);
				PRODUCT_BUNDLE_IDENTIFIER = "org.anowak4320-stu.CommissionTests";
				PRODUCT_NAME = "$(TARGET_NAME)";
				SWIFT_VERSION = 5.0;
				TARGETED_DEVICE_FAMILY = "1,2";
				TEST_HOST = "$(BUILT_PRODUCTS_DIR)/Commission.app/Commission";
			};
			name = Release;
		};
		B6A5FAF72565B93500A9CF57 /* Debug */ = {
			isa = XCBuildConfiguration;
			buildSettings = {
				ALWAYS_EMBED_SWIFT_STANDARD_LIBRARIES = YES;
				CODE_SIGN_STYLE = Automatic;
				INFOPLIST_FILE = CommissionUITests/Info.plist;
				LD_RUNPATH_SEARCH_PATHS = (
					"$(inherited)",
					"@executable_path/Frameworks",
					"@loader_path/Frameworks",
				);
				PRODUCT_BUNDLE_IDENTIFIER = "org.anowak4320-stu.CommissionUITests";
				PRODUCT_NAME = "$(TARGET_NAME)";
				SWIFT_VERSION = 5.0;
				TARGETED_DEVICE_FAMILY = "1,2";
				TEST_TARGET_NAME = Commission;
			};
			name = Debug;
		};
		B6A5FAF82565B93500A9CF57 /* Release */ = {
			isa = XCBuildConfiguration;
			buildSettings = {
				ALWAYS_EMBED_SWIFT_STANDARD_LIBRARIES = YES;
				CODE_SIGN_STYLE = Automatic;
				INFOPLIST_FILE = CommissionUITests/Info.plist;
				LD_RUNPATH_SEARCH_PATHS = (
					"$(inherited)",
					"@executable_path/Frameworks",
					"@loader_path/Frameworks",
				);
				PRODUCT_BUNDLE_IDENTIFIER = "org.anowak4320-stu.CommissionUITests";
				PRODUCT_NAME = "$(TARGET_NAME)";
				SWIFT_VERSION = 5.0;
				TARGETED_DEVICE_FAMILY = "1,2";
				TEST_TARGET_NAME = Commission;
			};
			name = Release;
		};
/* End XCBuildConfiguration section */

/* Begin XCConfigurationList section */
		B6A5FAC12565B93100A9CF57 /* Build configuration list for PBXProject "Commission" */ = {
			isa = XCConfigurationList;
			buildConfigurations = (
				B6A5FAEE2565B93500A9CF57 /* Debug */,
				B6A5FAEF2565B93500A9CF57 /* Release */,
			);
			defaultConfigurationIsVisible = 0;
			defaultConfigurationName = Release;
		};
		B6A5FAF02565B93500A9CF57 /* Build configuration list for PBXNativeTarget "Commission" */ = {
			isa = XCConfigurationList;
			buildConfigurations = (
				B6A5FAF12565B93500A9CF57 /* Debug */,
				B6A5FAF22565B93500A9CF57 /* Release */,
			);
			defaultConfigurationIsVisible = 0;
			defaultConfigurationName = Release;
		};
		B6A5FAF32565B93500A9CF57 /* Build configuration list for PBXNativeTarget "CommissionTests" */ = {
			isa = XCConfigurationList;
			buildConfigurations = (
				B6A5FAF42565B93500A9CF57 /* Debug */,
				B6A5FAF52565B93500A9CF57 /* Release */,
			);
			defaultConfigurationIsVisible = 0;
			defaultConfigurationName = Release;
		};
		B6A5FAF62565B93500A9CF57 /* Build configuration list for PBXNativeTarget "CommissionUITests" */ = {
			isa = XCConfigurationList;
			buildConfigurations = (
				B6A5FAF72565B93500A9CF57 /* Debug */,
				B6A5FAF82565B93500A9CF57 /* Release */,
			);
			defaultConfigurationIsVisible = 0;
			defaultConfigurationName = Release;
		};
/* End XCConfigurationList section */
	};
	rootObject = B6A5FABE2565B93100A9CF57 /* Project object */;
}
